
Microsoft Visual Studio Solution File, Format Version 12.00
# Visual Studio Version 17
VisualStudioVersion = 17.13.35825.156 d17.13
MinimumVisualStudioVersion = 10.0.40219.1
Project("{FAE04EC0-301F-11D3-BF4B-00C04F79EFBC}") = "Funciones_Variables_Parametros", "PracticaCampo4\Funciones_Variables_Parametros.csproj", "{995506A5-8D72-49AB-AD6C-D228334B1B71}"
EndProject
Global
	GlobalSection(SolutionConfigurationPlatforms) = preSolution
		Debug|Any CPU = Debug|Any CPU
		Release|Any CPU = Release|Any CPU
	EndGlobalSection
	GlobalSection(ProjectConfigurationPlatforms) = postSolution
		{995506A5-8D72-49AB-AD6C-D228334B1B71}.Debug|Any CPU.ActiveCfg = Debug|Any CPU
		{995506A5-8D72-49AB-AD6C-D228334B1B71}.Debug|Any CPU.Build.0 = Debug|Any CPU
		{995506A5-8D72-49AB-AD6C-D228334B1B71}.Release|Any CPU.ActiveCfg = Release|Any CPU
		{995506A5-8D72-49AB-AD6C-D228334B1B71}.Release|Any CPU.Build.0 = Release|Any CPU
	EndGlobalSection
	GlobalSection(SolutionProperties) = preSolution
		HideSolutionNode = FALSE
	EndGlobalSection
	GlobalSection(ExtensibilityGlobals) = postSolution
		SolutionGuid = {B8C3DA1E-372D-4E34-ACC0-A993738CEC00}
	EndGlobalSection
EndGlobal
